{
  "name": "javascript",
  "version": "1.0.0",
  "lockfileVersion": 3,
  "requires": true,
  "packages": {
    "": {
      "name": "javascript",
      "version": "1.0.0",
      "license": "ISC",
      "dependencies": {
        "mdye": "^0.0.10"
      }
    },
    "node_modules/mdye": {
      "version": "0.0.10",
      "resolved": "https://registry.npmmirror.com/mdye/-/mdye-0.0.10.tgz",
      "integrity": "sha512-6v8eaSXTb0usXVD5fEcXDu7q4/sVogbSesFcY2rnuNRYD/2fhRpr2ZFIZYjGTQ29r74OF0eY8+6nOmDMLKrLQA=="
    }
  }
}
